// !$*UTF8*$!
{
	archiveVersion = 1;
	classes = {
	};
	objectVersion = 46;
	objects = {

/* Begin PBXBuildFile section */
		5E32179B1443A6C200008257 /* SecurityProxy.m in Sources */ = {isa = PBXBuildFile; fileRef = 5E32179A1443A6C200008257 /* SecurityProxy.m */; };
		5E7837DB143E3A5700C061C7 /* UIKit.framework in Frameworks */ = {isa = PBXBuildFile; fileRef = 5E7837DA143E3A5700C061C7 /* UIKit.framework */; };
		5E7837DD143E3A5700C061C7 /* Foundation.framework in Frameworks */ = {isa = PBXBuildFile; fileRef = 5E7837DC143E3A5700C061C7 /* Foundation.framework */; };
		5E7837DF143E3A5700C061C7 /* CoreGraphics.framework in Frameworks */ = {isa = PBXBuildFile; fileRef = 5E7837DE143E3A5700C061C7 /* CoreGraphics.framework */; };
		5E7837E5143E3A5700C061C7 /* InfoPlist.strings in Resources */ = {isa = PBXBuildFile; fileRef = 5E7837E3143E3A5700C061C7 /* InfoPlist.strings */; };
		5E7837E7143E3A5700C061C7 /* main.m in Sources */ = {isa = PBXBuildFile; fileRef = 5E7837E6143E3A5700C061C7 /* main.m */; };
		5E783829143E3CA200C061C7 /* AppDelegate.m in Sources */ = {isa = PBXBuildFile; fileRef = 5E783828143E3CA200C061C7 /* AppDelegate.m */; };
		5E78382C143E3CBB00C061C7 /* Car.m in Sources */ = {isa = PBXBuildFile; fileRef = 5E78382B143E3CBB00C061C7 /* Car.m */; };
		5E783836143E3CFC00C061C7 /* CarsViewController.m in Sources */ = {isa = PBXBuildFile; fileRef = 5E78382E143E3CFC00C061C7 /* CarsViewController.m */; };
		5E783837143E3CFC00C061C7 /* CarViewController.m in Sources */ = {isa = PBXBuildFile; fileRef = 5E783830143E3CFC00C061C7 /* CarViewController.m */; };
		5E783838143E3CFC00C061C7 /* DefaultSecurityController.m in Sources */ = {isa = PBXBuildFile; fileRef = 5E783832143E3CFC00C061C7 /* DefaultSecurityController.m */; };
		5E783839143E3CFC00C061C7 /* LoginViewController.m in Sources */ = {isa = PBXBuildFile; fileRef = 5E783834143E3CFC00C061C7 /* LoginViewController.m */; };
		5E783842143E3D5100C061C7 /* CarsView.xib in Resources */ = {isa = PBXBuildFile; fileRef = 5E78383A143E3D5100C061C7 /* CarsView.xib */; };
		5E783843143E3D5100C061C7 /* CarView.xib in Resources */ = {isa = PBXBuildFile; fileRef = 5E78383C143E3D5100C061C7 /* CarView.xib */; };
		5E783844143E3D5100C061C7 /* LoginView.xib in Resources */ = {isa = PBXBuildFile; fileRef = 5E78383E143E3D5100C061C7 /* LoginView.xib */; };
		5E783845143E3D5100C061C7 /* MainWindow.xib in Resources */ = {isa = PBXBuildFile; fileRef = 5E783840143E3D5100C061C7 /* MainWindow.xib */; };
		5E783891143E4B0C00C061C7 /* SenTestingKit.framework in Frameworks */ = {isa = PBXBuildFile; fileRef = 5E7837F2143E3A5700C061C7 /* SenTestingKit.framework */; };
		5E783892143E4B0C00C061C7 /* UIKit.framework in Frameworks */ = {isa = PBXBuildFile; fileRef = 5E7837DA143E3A5700C061C7 /* UIKit.framework */; };
		5E783893143E4B0C00C061C7 /* Foundation.framework in Frameworks */ = {isa = PBXBuildFile; fileRef = 5E7837DC143E3A5700C061C7 /* Foundation.framework */; };
		5E783899143E4B0C00C061C7 /* InfoPlist.strings in Resources */ = {isa = PBXBuildFile; fileRef = 5E783897143E4B0C00C061C7 /* InfoPlist.strings */; };
		5E7838A4143E4B9800C061C7 /* CarLotTests.m in Sources */ = {isa = PBXBuildFile; fileRef = 5E78389B143E4B0C00C061C7 /* CarLotTests.m */; };
		5E7838A5143E4B9E00C061C7 /* DefaultSecurityControllerTests.m in Sources */ = {isa = PBXBuildFile; fileRef = 5E7838A2143E4B3A00C061C7 /* DefaultSecurityControllerTests.m */; };
		5E7838A6143E4BBC00C061C7 /* DefaultSecurityController.m in Sources */ = {isa = PBXBuildFile; fileRef = 5E783832143E3CFC00C061C7 /* DefaultSecurityController.m */; };
		5E783954143E519D00C061C7 /* libOCMock.a in Frameworks */ = {isa = PBXBuildFile; fileRef = 5E783951143E518B00C061C7 /* libOCMock.a */; };
		5E78395B143E54BF00C061C7 /* User.m in Sources */ = {isa = PBXBuildFile; fileRef = 5E78395A143E54BF00C061C7 /* User.m */; };
		5E78395C143E54BF00C061C7 /* User.m in Sources */ = {isa = PBXBuildFile; fileRef = 5E78395A143E54BF00C061C7 /* User.m */; };
/* End PBXBuildFile section */

/* Begin PBXContainerItemProxy section */
		5E78394E143E518B00C061C7 /* PBXContainerItemProxy */ = {
			isa = PBXContainerItemProxy;
			containerPortal = 5E783945143E518B00C061C7 /* OCMock.xcodeproj */;
			proxyType = 2;
			remoteGlobalIDString = C907176F1421BED300C20915;
			remoteInfo = OCMock;
		};
		5E783950143E518B00C061C7 /* PBXContainerItemProxy */ = {
			isa = PBXContainerItemProxy;
			containerPortal = 5E783945143E518B00C061C7 /* OCMock.xcodeproj */;
			proxyType = 2;
			remoteGlobalIDString = C907171F1421A05A00C20915;
			remoteInfo = OCMockIOS;
		};
		5E783952143E518B00C061C7 /* PBXContainerItemProxy */ = {
			isa = PBXContainerItemProxy;
			containerPortal = 5E783945143E518B00C061C7 /* OCMock.xcodeproj */;
			proxyType = 2;
			remoteGlobalIDString = 03BF2D3708F1C69500978C59;
			remoteInfo = OCMockTests;
		};
/* End PBXContainerItemProxy section */

/* Begin PBXFileReference section */
		5E3217991443A6C200008257 /* SecurityProxy.h */ = {isa = PBXFileReference; fileEncoding = 4; lastKnownFileType = sourcecode.c.h; name = SecurityProxy.h; path = Classes/SecurityProxy.h; sourceTree = "<group>"; };
		5E32179A1443A6C200008257 /* SecurityProxy.m */ = {isa = PBXFileReference; fileEncoding = 4; lastKnownFileType = sourcecode.c.objc; name = SecurityProxy.m; path = Classes/SecurityProxy.m; sourceTree = "<group>"; };
		5E7837D6143E3A5700C061C7 /* Car Lot.app */ = {isa = PBXFileReference; explicitFileType = wrapper.application; includeInIndex = 0; path = "Car Lot.app"; sourceTree = BUILT_PRODUCTS_DIR; };
		5E7837DA143E3A5700C061C7 /* UIKit.framework */ = {isa = PBXFileReference; lastKnownFileType = wrapper.framework; name = UIKit.framework; path = System/Library/Frameworks/UIKit.framework; sourceTree = SDKROOT; };
		5E7837DC143E3A5700C061C7 /* Foundation.framework */ = {isa = PBXFileReference; lastKnownFileType = wrapper.framework; name = Foundation.framework; path = System/Library/Frameworks/Foundation.framework; sourceTree = SDKROOT; };
		5E7837DE143E3A5700C061C7 /* CoreGraphics.framework */ = {isa = PBXFileReference; lastKnownFileType = wrapper.framework; name = CoreGraphics.framework; path = System/Library/Frameworks/CoreGraphics.framework; sourceTree = SDKROOT; };
		5E7837E2143E3A5700C061C7 /* Car Lot-Info.plist */ = {isa = PBXFileReference; lastKnownFileType = text.plist.xml; path = "Car Lot-Info.plist"; sourceTree = "<group>"; };
		5E7837E4143E3A5700C061C7 /* en */ = {isa = PBXFileReference; lastKnownFileType = text.plist.strings; name = en; path = en.lproj/InfoPlist.strings; sourceTree = "<group>"; };
		5E7837E6143E3A5700C061C7 /* main.m */ = {isa = PBXFileReference; lastKnownFileType = sourcecode.c.objc; path = main.m; sourceTree = "<group>"; };
		5E7837E8143E3A5700C061C7 /* Car Lot-Prefix.pch */ = {isa = PBXFileReference; lastKnownFileType = sourcecode.c.h; path = "Car Lot-Prefix.pch"; sourceTree = "<group>"; };
		5E7837F2143E3A5700C061C7 /* SenTestingKit.framework */ = {isa = PBXFileReference; lastKnownFileType = wrapper.framework; name = SenTestingKit.framework; path = Library/Frameworks/SenTestingKit.framework; sourceTree = DEVELOPER_DIR; };
		5E783827143E3CA100C061C7 /* AppDelegate.h */ = {isa = PBXFileReference; fileEncoding = 4; lastKnownFileType = sourcecode.c.h; name = AppDelegate.h; path = Classes/AppDelegate.h; sourceTree = "<group>"; };
		5E783828143E3CA200C061C7 /* AppDelegate.m */ = {isa = PBXFileReference; fileEncoding = 4; lastKnownFileType = sourcecode.c.objc; name = AppDelegate.m; path = Classes/AppDelegate.m; sourceTree = "<group>"; };
		5E78382A143E3CBB00C061C7 /* Car.h */ = {isa = PBXFileReference; fileEncoding = 4; lastKnownFileType = sourcecode.c.h; name = Car.h; path = Classes/Car.h; sourceTree = "<group>"; };
		5E78382B143E3CBB00C061C7 /* Car.m */ = {isa = PBXFileReference; fileEncoding = 4; lastKnownFileType = sourcecode.c.objc; name = Car.m; path = Classes/Car.m; sourceTree = "<group>"; };
		5E78382D143E3CFC00C061C7 /* CarsViewController.h */ = {isa = PBXFileReference; fileEncoding = 4; lastKnownFileType = sourcecode.c.h; name = CarsViewController.h; path = Classes/CarsViewController.h; sourceTree = "<group>"; };
		5E78382E143E3CFC00C061C7 /* CarsViewController.m */ = {isa = PBXFileReference; fileEncoding = 4; lastKnownFileType = sourcecode.c.objc; name = CarsViewController.m; path = Classes/CarsViewController.m; sourceTree = "<group>"; };
		5E78382F143E3CFC00C061C7 /* CarViewController.h */ = {isa = PBXFileReference; fileEncoding = 4; lastKnownFileType = sourcecode.c.h; name = CarViewController.h; path = Classes/CarViewController.h; sourceTree = "<group>"; };
		5E783830143E3CFC00C061C7 /* CarViewController.m */ = {isa = PBXFileReference; fileEncoding = 4; lastKnownFileType = sourcecode.c.objc; name = CarViewController.m; path = Classes/CarViewController.m; sourceTree = "<group>"; };
		5E783831143E3CFC00C061C7 /* DefaultSecurityController.h */ = {isa = PBXFileReference; fileEncoding = 4; lastKnownFileType = sourcecode.c.h; name = DefaultSecurityController.h; path = Classes/DefaultSecurityController.h; sourceTree = "<group>"; };
		5E783832143E3CFC00C061C7 /* DefaultSecurityController.m */ = {isa = PBXFileReference; fileEncoding = 4; lastKnownFileType = sourcecode.c.objc; name = DefaultSecurityController.m; path = Classes/DefaultSecurityController.m; sourceTree = "<group>"; };
		5E783833143E3CFC00C061C7 /* LoginViewController.h */ = {isa = PBXFileReference; fileEncoding = 4; lastKnownFileType = sourcecode.c.h; name = LoginViewController.h; path = Classes/LoginViewController.h; sourceTree = "<group>"; };
		5E783834143E3CFC00C061C7 /* LoginViewController.m */ = {isa = PBXFileReference; fileEncoding = 4; lastKnownFileType = sourcecode.c.objc; name = LoginViewController.m; path = Classes/LoginViewController.m; sourceTree = "<group>"; };
		5E78383B143E3D5100C061C7 /* en */ = {isa = PBXFileReference; lastKnownFileType = file.xib; name = en; path = en.lproj/CarsView.xib; sourceTree = "<group>"; };
		5E78383D143E3D5100C061C7 /* en */ = {isa = PBXFileReference; lastKnownFileType = file.xib; name = en; path = en.lproj/CarView.xib; sourceTree = "<group>"; };
		5E78383F143E3D5100C061C7 /* en */ = {isa = PBXFileReference; lastKnownFileType = file.xib; name = en; path = en.lproj/LoginView.xib; sourceTree = "<group>"; };
		5E783841143E3D5100C061C7 /* en */ = {isa = PBXFileReference; lastKnownFileType = file.xib; name = en; path = en.lproj/MainWindow.xib; sourceTree = "<group>"; };
		5E783890143E4B0C00C061C7 /* Car Lot Tests.octest */ = {isa = PBXFileReference; explicitFileType = wrapper.cfbundle; includeInIndex = 0; path = "Car Lot Tests.octest"; sourceTree = BUILT_PRODUCTS_DIR; };
		5E783896143E4B0C00C061C7 /* Car Lot Tests-Info.plist */ = {isa = PBXFileReference; lastKnownFileType = text.plist.xml; path = "Car Lot Tests-Info.plist"; sourceTree = "<group>"; };
		5E783898143E4B0C00C061C7 /* en */ = {isa = PBXFileReference; lastKnownFileType = text.plist.strings; name = en; path = en.lproj/InfoPlist.strings; sourceTree = "<group>"; };
		5E78389A143E4B0C00C061C7 /* CarLotTests.h */ = {isa = PBXFileReference; lastKnownFileType = sourcecode.c.h; path = CarLotTests.h; sourceTree = "<group>"; };
		5E78389B143E4B0C00C061C7 /* CarLotTests.m */ = {isa = PBXFileReference; lastKnownFileType = sourcecode.c.objc; path = CarLotTests.m; sourceTree = "<group>"; };
		5E78389D143E4B0C00C061C7 /* Car Lot Tests-Prefix.pch */ = {isa = PBXFileReference; lastKnownFileType = sourcecode.c.h; path = "Car Lot Tests-Prefix.pch"; sourceTree = "<group>"; };
		5E7838A2143E4B3A00C061C7 /* DefaultSecurityControllerTests.m */ = {isa = PBXFileReference; fileEncoding = 4; lastKnownFileType = sourcecode.c.objc; name = DefaultSecurityControllerTests.m; path = Classes/DefaultSecurityControllerTests.m; sourceTree = "<group>"; };
		5E783945143E518B00C061C7 /* OCMock.xcodeproj */ = {isa = PBXFileReference; lastKnownFileType = "wrapper.pb-project"; name = OCMock.xcodeproj; path = OCMock/OCMock.xcodeproj; sourceTree = "<group>"; };
		5E783959143E54BF00C061C7 /* User.h */ = {isa = PBXFileReference; fileEncoding = 4; lastKnownFileType = sourcecode.c.h; name = User.h; path = Classes/User.h; sourceTree = "<group>"; };
		5E78395A143E54BF00C061C7 /* User.m */ = {isa = PBXFileReference; fileEncoding = 4; lastKnownFileType = sourcecode.c.objc; name = User.m; path = Classes/User.m; sourceTree = "<group>"; };
/* End PBXFileReference section */

/* Begin PBXFrameworksBuildPhase section */
		5E7837D3143E3A5700C061C7 /* Frameworks */ = {
			isa = PBXFrameworksBuildPhase;
			buildActionMask = 2147483647;
			files = (
				5E7837DB143E3A5700C061C7 /* UIKit.framework in Frameworks */,
				5E7837DD143E3A5700C061C7 /* Foundation.framework in Frameworks */,
				5E7837DF143E3A5700C061C7 /* CoreGraphics.framework in Frameworks */,
			);
			runOnlyForDeploymentPostprocessing = 0;
		};
		5E78388C143E4B0C00C061C7 /* Frameworks */ = {
			isa = PBXFrameworksBuildPhase;
			buildActionMask = 2147483647;
			files = (
				5E783954143E519D00C061C7 /* libOCMock.a in Frameworks */,
				5E783891143E4B0C00C061C7 /* SenTestingKit.framework in Frameworks */,
				5E783892143E4B0C00C061C7 /* UIKit.framework in Frameworks */,
				5E783893143E4B0C00C061C7 /* Foundation.framework in Frameworks */,
			);
			runOnlyForDeploymentPostprocessing = 0;
		};
/* End PBXFrameworksBuildPhase section */

/* Begin PBXGroup section */
		5E7837CB143E3A5700C061C7 = {
			isa = PBXGroup;
			children = (
				5E7837E0143E3A5700C061C7 /* Car Lot */,
				5E783894143E4B0C00C061C7 /* Car Lot Tests */,
				5E7838A7143E517300C061C7 /* Libraries */,
				5E7837D9143E3A5700C061C7 /* Frameworks */,
				5E7837D7143E3A5700C061C7 /* Products */,
			);
			sourceTree = "<group>";
		};
		5E7837D7143E3A5700C061C7 /* Products */ = {
			isa = PBXGroup;
			children = (
				5E7837D6143E3A5700C061C7 /* Car Lot.app */,
				5E783890143E4B0C00C061C7 /* Car Lot Tests.octest */,
			);
			name = Products;
			sourceTree = "<group>";
		};
		5E7837D9143E3A5700C061C7 /* Frameworks */ = {
			isa = PBXGroup;
			children = (
				5E7837DA143E3A5700C061C7 /* UIKit.framework */,
				5E7837DC143E3A5700C061C7 /* Foundation.framework */,
				5E7837DE143E3A5700C061C7 /* CoreGraphics.framework */,
				5E7837F2143E3A5700C061C7 /* SenTestingKit.framework */,
			);
			name = Frameworks;
			sourceTree = "<group>";
		};
		5E7837E0143E3A5700C061C7 /* Car Lot */ = {
			isa = PBXGroup;
			children = (
				5E783827143E3CA100C061C7 /* AppDelegate.h */,
				5E783828143E3CA200C061C7 /* AppDelegate.m */,
				5E78380C143E3B2200C061C7 /* Model */,
				5E78381E143E3B5400C061C7 /* View */,
				5E783810143E3B3600C061C7 /* Controller */,
				5E7837E1143E3A5700C061C7 /* Supporting Files */,
			);
			path = "Car Lot";
			sourceTree = "<group>";
		};
		5E7837E1143E3A5700C061C7 /* Supporting Files */ = {
			isa = PBXGroup;
			children = (
				5E7837E2143E3A5700C061C7 /* Car Lot-Info.plist */,
				5E7837E3143E3A5700C061C7 /* InfoPlist.strings */,
				5E7837E6143E3A5700C061C7 /* main.m */,
				5E7837E8143E3A5700C061C7 /* Car Lot-Prefix.pch */,
			);
			name = "Supporting Files";
			sourceTree = "<group>";
		};
		5E78380C143E3B2200C061C7 /* Model */ = {
			isa = PBXGroup;
			children = (
				5E78382A143E3CBB00C061C7 /* Car.h */,
				5E78382B143E3CBB00C061C7 /* Car.m */,
				5E783959143E54BF00C061C7 /* User.h */,
				5E78395A143E54BF00C061C7 /* User.m */,
			);
			name = Model;
			sourceTree = "<group>";
		};
		5E783810143E3B3600C061C7 /* Controller */ = {
			isa = PBXGroup;
			children = (
				5E78382D143E3CFC00C061C7 /* CarsViewController.h */,
				5E78382E143E3CFC00C061C7 /* CarsViewController.m */,
				5E78382F143E3CFC00C061C7 /* CarViewController.h */,
				5E783830143E3CFC00C061C7 /* CarViewController.m */,
				5E783831143E3CFC00C061C7 /* DefaultSecurityController.h */,
				5E783832143E3CFC00C061C7 /* DefaultSecurityController.m */,
				5E783833143E3CFC00C061C7 /* LoginViewController.h */,
				5E783834143E3CFC00C061C7 /* LoginViewController.m */,
				5E3217991443A6C200008257 /* SecurityProxy.h */,
				5E32179A1443A6C200008257 /* SecurityProxy.m */,
			);
			name = Controller;
			sourceTree = "<group>";
		};
		5E78381E143E3B5400C061C7 /* View */ = {
			isa = PBXGroup;
			children = (
				5E78383A143E3D5100C061C7 /* CarsView.xib */,
				5E78383C143E3D5100C061C7 /* CarView.xib */,
				5E78383E143E3D5100C061C7 /* LoginView.xib */,
				5E783840143E3D5100C061C7 /* MainWindow.xib */,
			);
			name = View;
			sourceTree = "<group>";
		};
		5E783894143E4B0C00C061C7 /* Car Lot Tests */ = {
			isa = PBXGroup;
			children = (
				5E78389A143E4B0C00C061C7 /* CarLotTests.h */,
				5E78389B143E4B0C00C061C7 /* CarLotTests.m */,
				5E7838A1143E4B2700C061C7 /* Logic Tests */,
				5E783895143E4B0C00C061C7 /* Supporting Files */,
			);
			path = "Car Lot Tests";
			sourceTree = "<group>";
		};
		5E783895143E4B0C00C061C7 /* Supporting Files */ = {
			isa = PBXGroup;
			children = (
				5E783896143E4B0C00C061C7 /* Car Lot Tests-Info.plist */,
				5E783897143E4B0C00C061C7 /* InfoPlist.strings */,
				5E78389D143E4B0C00C061C7 /* Car Lot Tests-Prefix.pch */,
			);
			name = "Supporting Files";
			sourceTree = "<group>";
		};
		5E7838A1143E4B2700C061C7 /* Logic Tests */ = {
			isa = PBXGroup;
			children = (
				5E7838A2143E4B3A00C061C7 /* DefaultSecurityControllerTests.m */,
			);
			name = "Logic Tests";
			sourceTree = "<group>";
		};
		5E7838A7143E517300C061C7 /* Libraries */ = {
			isa = PBXGroup;
			children = (
				5E783945143E518B00C061C7 /* OCMock.xcodeproj */,
			);
			path = Libraries;
			sourceTree = "<group>";
		};
		5E783946143E518B00C061C7 /* Products */ = {
			isa = PBXGroup;
			children = (
				5E78394F143E518B00C061C7 /* OCMock.framework */,
				5E783951143E518B00C061C7 /* libOCMock.a */,
				5E783953143E518B00C061C7 /* OCMockTests.octest */,
			);
			name = Products;
			sourceTree = "<group>";
		};
/* End PBXGroup section */

/* Begin PBXNativeTarget section */
		5E7837D5143E3A5700C061C7 /* Car Lot */ = {
			isa = PBXNativeTarget;
			buildConfigurationList = 5E783803143E3A5700C061C7 /* Build configuration list for PBXNativeTarget "Car Lot" */;
			buildPhases = (
				5E7837D2143E3A5700C061C7 /* Sources */,
				5E7837D3143E3A5700C061C7 /* Frameworks */,
				5E7837D4143E3A5700C061C7 /* Resources */,
			);
			buildRules = (
			);
			dependencies = (
			);
			name = "Car Lot";
			productName = "Car Lot";
			productReference = 5E7837D6143E3A5700C061C7 /* Car Lot.app */;
			productType = "com.apple.product-type.application";
		};
		5E78388F143E4B0C00C061C7 /* Car Lot Tests */ = {
			isa = PBXNativeTarget;
			buildConfigurationList = 5E78389E143E4B0C00C061C7 /* Build configuration list for PBXNativeTarget "Car Lot Tests" */;
			buildPhases = (
				5E78388B143E4B0C00C061C7 /* Sources */,
				5E78388C143E4B0C00C061C7 /* Frameworks */,
				5E78388D143E4B0C00C061C7 /* Resources */,
				5E78388E143E4B0C00C061C7 /* ShellScript */,
			);
			buildRules = (
			);
			dependencies = (
			);
			name = "Car Lot Tests";
			productName = "Car Lot Tests";
			productReference = 5E783890143E4B0C00C061C7 /* Car Lot Tests.octest */;
			productType = "com.apple.product-type.bundle";
		};
/* End PBXNativeTarget section */

/* Begin PBXProject section */
		5E7837CD143E3A5700C061C7 /* Project object */ = {
			isa = PBXProject;
			attributes = {
				LastUpgradeCheck = 0420;
			};
			buildConfigurationList = 5E7837D0143E3A5700C061C7 /* Build configuration list for PBXProject "Car Lot" */;
			compatibilityVersion = "Xcode 3.2";
			developmentRegion = English;
			hasScannedForEncodings = 0;
			knownRegions = (
				en,
			);
			mainGroup = 5E7837CB143E3A5700C061C7;
			productRefGroup = 5E7837D7143E3A5700C061C7 /* Products */;
			projectDirPath = "";
			projectReferences = (
				{
					ProductGroup = 5E783946143E518B00C061C7 /* Products */;
					ProjectRef = 5E783945143E518B00C061C7 /* OCMock.xcodeproj */;
				},
			);
			projectRoot = "";
			targets = (
				5E7837D5143E3A5700C061C7 /* Car Lot */,
				5E78388F143E4B0C00C061C7 /* Car Lot Tests */,
			);
		};
/* End PBXProject section */

/* Begin PBXReferenceProxy section */
		5E78394F143E518B00C061C7 /* OCMock.framework */ = {
			isa = PBXReferenceProxy;
			fileType = wrapper.framework;
			path = OCMock.framework;
			remoteRef = 5E78394E143E518B00C061C7 /* PBXContainerItemProxy */;
			sourceTree = BUILT_PRODUCTS_DIR;
		};
		5E783951143E518B00C061C7 /* libOCMock.a */ = {
			isa = PBXReferenceProxy;
			fileType = archive.ar;
			path = libOCMock.a;
			remoteRef = 5E783950143E518B00C061C7 /* PBXContainerItemProxy */;
			sourceTree = BUILT_PRODUCTS_DIR;
		};
		5E783953143E518B00C061C7 /* OCMockTests.octest */ = {
			isa = PBXReferenceProxy;
			fileType = wrapper.cfbundle;
			path = OCMockTests.octest;
			remoteRef = 5E783952143E518B00C061C7 /* PBXContainerItemProxy */;
			sourceTree = BUILT_PRODUCTS_DIR;
		};
/* End PBXReferenceProxy section */

/* Begin PBXResourcesBuildPhase section */
		5E7837D4143E3A5700C061C7 /* Resources */ = {
			isa = PBXResourcesBuildPhase;
			buildActionMask = 2147483647;
			files = (
				5E7837E5143E3A5700C061C7 /* InfoPlist.strings in Resources */,
				5E783842143E3D5100C061C7 /* CarsView.xib in Resources */,
				5E783843143E3D5100C061C7 /* CarView.xib in Resources */,
				5E783844143E3D5100C061C7 /* LoginView.xib in Resources */,
				5E783845143E3D5100C061C7 /* MainWindow.xib in Resources */,
			);
			runOnlyForDeploymentPostprocessing = 0;
		};
		5E78388D143E4B0C00C061C7 /* Resources */ = {
			isa = PBXResourcesBuildPhase;
			buildActionMask = 2147483647;
			files = (
				5E783899143E4B0C00C061C7 /* InfoPlist.strings in Resources */,
			);
			runOnlyForDeploymentPostprocessing = 0;
		};
/* End PBXResourcesBuildPhase section */

/* Begin PBXShellScriptBuildPhase section */
		5E78388E143E4B0C00C061C7 /* ShellScript */ = {
			isa = PBXShellScriptBuildPhase;
			buildActionMask = 2147483647;
			files = (
			);
			inputPaths = (
			);
			outputPaths = (
			);
			runOnlyForDeploymentPostprocessing = 0;
			shellPath = /bin/sh;
			shellScript = "# Run the unit tests in this test bundle.\n\"${SYSTEM_DEVELOPER_DIR}/Tools/RunUnitTests\"\n";
		};
/* End PBXShellScriptBuildPhase section */

/* Begin PBXSourcesBuildPhase section */
		5E7837D2143E3A5700C061C7 /* Sources */ = {
			isa = PBXSourcesBuildPhase;
			buildActionMask = 2147483647;
			files = (
				5E7837E7143E3A5700C061C7 /* main.m in Sources */,
				5E783829143E3CA200C061C7 /* AppDelegate.m in Sources */,
				5E78382C143E3CBB00C061C7 /* Car.m in Sources */,
				5E783836143E3CFC00C061C7 /* CarsViewController.m in Sources */,
				5E783837143E3CFC00C061C7 /* CarViewController.m in Sources */,
				5E783838143E3CFC00C061C7 /* DefaultSecurityController.m in Sources */,
				5E783839143E3CFC00C061C7 /* LoginViewController.m in Sources */,
				5E78395B143E54BF00C061C7 /* User.m in Sources */,
				5E32179B1443A6C200008257 /* SecurityProxy.m in Sources */,
			);
			runOnlyForDeploymentPostprocessing = 0;
		};
		5E78388B143E4B0C00C061C7 /* Sources */ = {
			isa = PBXSourcesBuildPhase;
			buildActionMask = 2147483647;
			files = (
				5E7838A4143E4B9800C061C7 /* CarLotTests.m in Sources */,
				5E7838A5143E4B9E00C061C7 /* DefaultSecurityControllerTests.m in Sources */,
				5E7838A6143E4BBC00C061C7 /* DefaultSecurityController.m in Sources */,
				5E78395C143E54BF00C061C7 /* User.m in Sources */,
			);
			runOnlyForDeploymentPostprocessing = 0;
		};
/* End PBXSourcesBuildPhase section */

/* Begin PBXVariantGroup section */
		5E7837E3143E3A5700C061C7 /* InfoPlist.strings */ = {
			isa = PBXVariantGroup;
			children = (
				5E7837E4143E3A5700C061C7 /* en */,
			);
			name = InfoPlist.strings;
			sourceTree = "<group>";
		};
		5E78383A143E3D5100C061C7 /* CarsView.xib */ = {
			isa = PBXVariantGroup;
			children = (
				5E78383B143E3D5100C061C7 /* en */,
			);
			name = CarsView.xib;
			sourceTree = "<group>";
		};
		5E78383C143E3D5100C061C7 /* CarView.xib */ = {
			isa = PBXVariantGroup;
			children = (
				5E78383D143E3D5100C061C7 /* en */,
			);
			name = CarView.xib;
			sourceTree = "<group>";
		};
		5E78383E143E3D5100C061C7 /* LoginView.xib */ = {
			isa = PBXVariantGroup;
			children = (
				5E78383F143E3D5100C061C7 /* en */,
			);
			name = LoginView.xib;
			sourceTree = "<group>";
		};
		5E783840143E3D5100C061C7 /* MainWindow.xib */ = {
			isa = PBXVariantGroup;
			children = (
				5E783841143E3D5100C061C7 /* en */,
			);
			name = MainWindow.xib;
			sourceTree = "<group>";
		};
		5E783897143E4B0C00C061C7 /* InfoPlist.strings */ = {
			isa = PBXVariantGroup;
			children = (
				5E783898143E4B0C00C061C7 /* en */,
			);
			name = InfoPlist.strings;
			sourceTree = "<group>";
		};
/* End PBXVariantGroup section */

/* Begin XCBuildConfiguration section */
		5E783801143E3A5700C061C7 /* Debug */ = {
			isa = XCBuildConfiguration;
			buildSettings = {
				ALWAYS_SEARCH_USER_PATHS = NO;
				ARCHS = "$(ARCHS_STANDARD_32_BIT)";
				"CODE_SIGN_IDENTITY[sdk=iphoneos*]" = "iPhone Developer";
				COPY_PHASE_STRIP = NO;
				GCC_C_LANGUAGE_STANDARD = gnu99;
				GCC_DYNAMIC_NO_PIC = NO;
				GCC_OPTIMIZATION_LEVEL = 0;
				GCC_PREPROCESSOR_DEFINITIONS = (
					"DEBUG=1",
					"$(inherited)",
				);
				GCC_SYMBOLS_PRIVATE_EXTERN = NO;
				GCC_VERSION = com.apple.compilers.llvm.clang.1_0;
				GCC_WARN_ABOUT_MISSING_PROTOTYPES = YES;
				GCC_WARN_ABOUT_RETURN_TYPE = YES;
				GCC_WARN_UNUSED_VARIABLE = YES;
				IPHONEOS_DEPLOYMENT_TARGET = 5.0;
				SDKROOT = iphoneos;
				TARGETED_DEVICE_FAMILY = "1,2";
			};
			name = Debug;
		};
		5E783802143E3A5700C061C7 /* Release */ = {
			isa = XCBuildConfiguration;
			buildSettings = {
				ALWAYS_SEARCH_USER_PATHS = NO;
				ARCHS = "$(ARCHS_STANDARD_32_BIT)";
				"CODE_SIGN_IDENTITY[sdk=iphoneos*]" = "iPhone Developer";
				COPY_PHASE_STRIP = YES;
				GCC_C_LANGUAGE_STANDARD = gnu99;
				GCC_VERSION = com.apple.compilers.llvm.clang.1_0;
				GCC_WARN_ABOUT_MISSING_PROTOTYPES = YES;
				GCC_WARN_ABOUT_RETURN_TYPE = YES;
				GCC_WARN_UNUSED_VARIABLE = YES;
				IPHONEOS_DEPLOYMENT_TARGET = 5.0;
				OTHER_CFLAGS = "-DNS_BLOCK_ASSERTIONS=1";
				SDKROOT = iphoneos;
				TARGETED_DEVICE_FAMILY = "1,2";
				VALIDATE_PRODUCT = YES;
			};
			name = Release;
		};
		5E783804143E3A5700C061C7 /* Debug */ = {
			isa = XCBuildConfiguration;
			buildSettings = {
				GCC_PRECOMPILE_PREFIX_HEADER = YES;
				GCC_PREFIX_HEADER = "Car Lot/Car Lot-Prefix.pch";
				INFOPLIST_FILE = "Car Lot/Car Lot-Info.plist";
				PRODUCT_NAME = "$(TARGET_NAME)";
				WRAPPER_EXTENSION = app;
			};
			name = Debug;
		};
		5E783805143E3A5700C061C7 /* Release */ = {
			isa = XCBuildConfiguration;
			buildSettings = {
				GCC_PRECOMPILE_PREFIX_HEADER = YES;
				GCC_PREFIX_HEADER = "Car Lot/Car Lot-Prefix.pch";
				INFOPLIST_FILE = "Car Lot/Car Lot-Info.plist";
				PRODUCT_NAME = "$(TARGET_NAME)";
				WRAPPER_EXTENSION = app;
			};
			name = Release;
		};
		5E78389F143E4B0C00C061C7 /* Debug */ = {
			isa = XCBuildConfiguration;
			buildSettings = {
				FRAMEWORK_SEARCH_PATHS = (
					"$(SDKROOT)/Developer/Library/Frameworks",
					"$(DEVELOPER_LIBRARY_DIR)/Frameworks",
				);
				GCC_PRECOMPILE_PREFIX_HEADER = YES;
				GCC_PREFIX_HEADER = "Car Lot Tests/Car Lot Tests-Prefix.pch";
				HEADER_SEARCH_PATHS = Libraries/OCMock;
				INFOPLIST_FILE = "Car Lot Tests/Car Lot Tests-Info.plist";
				OTHER_LDFLAGS = (
					"-ObjC",
					"-all_load",
				);
				PRODUCT_NAME = "$(TARGET_NAME)";
				WRAPPER_EXTENSION = octest;
			};
			name = Debug;
		};
		5E7838A0143E4B0C00C061C7 /* Release */ = {
			isa = XCBuildConfiguration;
			buildSettings = {
				FRAMEWORK_SEARCH_PATHS = (
					"$(SDKROOT)/Developer/Library/Frameworks",
					"$(DEVELOPER_LIBRARY_DIR)/Frameworks",
				);
				GCC_PRECOMPILE_PREFIX_HEADER = YES;
				GCC_PREFIX_HEADER = "Car Lot Tests/Car Lot Tests-Prefix.pch";
				HEADER_SEARCH_PATHS = Libraries/OCMock;
				INFOPLIST_FILE = "Car Lot Tests/Car Lot Tests-Info.plist";
				OTHER_LDFLAGS = (
					"-ObjC",
					"-all_load",
				);
				PRODUCT_NAME = "$(TARGET_NAME)";
				WRAPPER_EXTENSION = octest;
			};
			name = Release;
		};
/* End XCBuildConfiguration section */

/* Begin XCConfigurationList section */
		5E7837D0143E3A5700C061C7 /* Build configuration list for PBXProject "Car Lot" */ = {
			isa = XCConfigurationList;
			buildConfigurations = (
				5E783801143E3A5700C061C7 /* Debug */,
				5E783802143E3A5700C061C7 /* Release */,
			);
			defaultConfigurationIsVisible = 0;
			defaultConfigurationName = Release;
		};
		5E783803143E3A5700C061C7 /* Build configuration list for PBXNativeTarget "Car Lot" */ = {
			isa = XCConfigurationList;
			buildConfigurations = (
				5E783804143E3A5700C061C7 /* Debug */,
				5E783805143E3A5700C061C7 /* Release */,
			);
			defaultConfigurationIsVisible = 0;
			defaultConfigurationName = Release;
		};
		5E78389E143E4B0C00C061C7 /* Build configuration list for PBXNativeTarget "Car Lot Tests" */ = {
			isa = XCConfigurationList;
			buildConfigurations = (
				5E78389F143E4B0C00C061C7 /* Debug */,
				5E7838A0143E4B0C00C061C7 /* Release */,
			);
			defaultConfigurationIsVisible = 0;
			defaultConfigurationName = Release;
		};
/* End XCConfigurationList section */
	};
	rootObject = 5E7837CD143E3A5700C061C7 /* Project object */;
}
